# This file is automatically @generated by Cargo.
# It is not intended for manual editing.
[[package]]
name = "compiler_builtins"
version = "0.1.27"
source = "registry+https://github.com/rust-lang/crates.io-index"

[[package]]
name = "esp32-hello"
version = "0.1.0"
dependencies = [
 "compiler_builtins 0.1.27 (registry+https://github.com/rust-lang/crates.io-index)",
 "esp32-sys 0.1.0",
]

[[package]]
name = "esp32-sys"
version = "0.1.0"

[metadata]
"checksum compiler_builtins 0.1.27 (registry+https://github.com/rust-lang/crates.io-index)" = "38f18416546abfbf8d801c555a0e99524453e7214f9cc9107ad49de3d5948ccc"
